
Microsoft Visual Studio Solution File, Format Version 12.00
# Visual Studio Version 17
VisualStudioVersion = 17.11.35327.3
MinimumVisualStudioVersion = 10.0.40219.1
Project("{FAE04EC0-301F-11D3-BF4B-00C04F79EFBC}") = "RED+", "RED\RED+.csproj", "{91B25075-18EE-4ADE-8704-A9C0935E15F7}"
EndProject
Project("{2150E333-8FDC-42A3-9474-1A3956D46DE8}") = "Solution Items", "Solution Items", "{AD787073-3257-4D10-B168-29D67EBC9E56}"
	ProjectSection(SolutionItems) = preProject
		.editorconfig = .editorconfig
	EndProjectSection
EndProject
Global
	GlobalSection(SolutionConfigurationPlatforms) = preSolution
		Debug|Any CPU = Debug|Any CPU
		Debug|x64 = Debug|x64
		Release|Any CPU = Release|Any CPU
		Release|x64 = Release|x64
	EndGlobalSection
	GlobalSection(ProjectConfigurationPlatforms) = postSolution
		{91B25075-18EE-4ADE-8704-A9C0935E15F7}.Debug|Any CPU.ActiveCfg = Debug|Any CPU
		{91B25075-18EE-4ADE-8704-A9C0935E15F7}.Debug|Any CPU.Build.0 = Debug|Any CPU
		{91B25075-18EE-4ADE-8704-A9C0935E15F7}.Debug|x64.ActiveCfg = Debug|x64
		{91B25075-18EE-4ADE-8704-A9C0935E15F7}.Debug|x64.Build.0 = Debug|x64
		{91B25075-18EE-4ADE-8704-A9C0935E15F7}.Release|Any CPU.ActiveCfg = Release|Any CPU
		{91B25075-18EE-4ADE-8704-A9C0935E15F7}.Release|Any CPU.Build.0 = Release|Any CPU
		{91B25075-18EE-4ADE-8704-A9C0935E15F7}.Release|x64.ActiveCfg = Release|x64
		{91B25075-18EE-4ADE-8704-A9C0935E15F7}.Release|x64.Build.0 = Release|x64
	EndGlobalSection
	GlobalSection(SolutionProperties) = preSolution
		HideSolutionNode = FALSE
	EndGlobalSection
	GlobalSection(ExtensibilityGlobals) = postSolution
		SolutionGuid = {3B7716D1-77FD-4600-9818-8327F6C5E63F}
	EndGlobalSection
EndGlobal
